
Microsoft Visual Studio Solution File, Format Version 12.00
# Visual Studio Version 17
VisualStudioVersion = 17.7.34031.279
MinimumVisualStudioVersion = 10.0.40219.1
Project("{9A19103F-16F7-4668-BE54-9A1E7A4F7556}") = "UnityTestApp", "UnityTestApp\UnityTestApp.csproj", "{ECCA144C-1A35-4AC9-82EF-187EEF9274A9}"
EndProject
Project("{9A19103F-16F7-4668-BE54-9A1E7A4F7556}") = "UnityTestApp.UTest", "UnityTestApp.UTest\UnityTestApp.UTest.csproj", "{34D093FE-B34F-4259-A87F-93DB517DED87}"
EndProject
Global
	GlobalSection(SolutionConfigurationPlatforms) = preSolution
		Debug|Any CPU = Debug|Any CPU
		Release|Any CPU = Release|Any CPU
	EndGlobalSection
	GlobalSection(ProjectConfigurationPlatforms) = postSolution
		{ECCA144C-1A35-4AC9-82EF-187EEF9274A9}.Debug|Any CPU.ActiveCfg = Debug|Any CPU
		{ECCA144C-1A35-4AC9-82EF-187EEF9274A9}.Debug|Any CPU.Build.0 = Debug|Any CPU
		{ECCA144C-1A35-4AC9-82EF-187EEF9274A9}.Release|Any CPU.ActiveCfg = Release|Any CPU
		{ECCA144C-1A35-4AC9-82EF-187EEF9274A9}.Release|Any CPU.Build.0 = Release|Any CPU
		{34D093FE-B34F-4259-A87F-93DB517DED87}.Debug|Any CPU.ActiveCfg = Debug|Any CPU
		{34D093FE-B34F-4259-A87F-93DB517DED87}.Debug|Any CPU.Build.0 = Debug|Any CPU
		{34D093FE-B34F-4259-A87F-93DB517DED87}.Release|Any CPU.ActiveCfg = Release|Any CPU
		{34D093FE-B34F-4259-A87F-93DB517DED87}.Release|Any CPU.Build.0 = Release|Any CPU
	EndGlobalSection
	GlobalSection(SolutionProperties) = preSolution
		HideSolutionNode = FALSE
	EndGlobalSection
	GlobalSection(ExtensibilityGlobals) = postSolution
		SolutionGuid = {ADD6C72D-2F58-4AF5-9C4D-35A215D5FDF2}
	EndGlobalSection
EndGlobal
